
Microsoft Visual Studio Solution File, Format Version 12.00
# Visual Studio 2013
VisualStudioVersion = 12.0.21005.1
MinimumVisualStudioVersion = 10.0.40219.1
Project("{FAE04EC0-301F-11D3-BF4B-00C04F79EFBC}") = "GUI", "QLDatVeXe\GUI.csproj", "{B4E8763B-F3CD-42F7-B236-F6A5151D9FCA}"
EndProject
Project("{FAE04EC0-301F-11D3-BF4B-00C04F79EFBC}") = "CONTROLS", "CONTROLS\CONTROLS.csproj", "{0C9F8044-76B8-45AC-B66F-9276604951D2}"
EndProject
Project("{FAE04EC0-301F-11D3-BF4B-00C04F79EFBC}") = "THUVIEN", "ThuVien\THUVIEN.csproj", "{9BC04F28-5F70-4C44-A546-1F9405A58F33}"
EndProject
Project("{FAE04EC0-301F-11D3-BF4B-00C04F79EFBC}") = "DTO", "DTO\DTO.csproj", "{530FAC3B-C6BE-405E-A621-1F05A0283F6A}"
EndProject
Project("{FAE04EC0-301F-11D3-BF4B-00C04F79EFBC}") = "DAL", "DAL\DAL.csproj", "{31FC06DD-DF1C-4D5C-B034-8DD7FD050317}"
EndProject
Project("{FAE04EC0-301F-11D3-BF4B-00C04F79EFBC}") = "BLL", "BLL\BLL.csproj", "{5CAA5842-0FB2-481E-9B3E-3946BC560923}"
EndProject
Project("{FAE04EC0-301F-11D3-BF4B-00C04F79EFBC}") = "Export", "Export\Export.csproj", "{45BB77C2-6CB2-4BD5-A8C5-0DEB40A7292A}"
EndProject
Project("{FAE04EC0-301F-11D3-BF4B-00C04F79EFBC}") = "FireBase", "FireBase\FireBase.csproj", "{7060E6CD-FB69-466A-BF30-59D3845E8D59}"
EndProject
Project("{FAE04EC0-301F-11D3-BF4B-00C04F79EFBC}") = "BLLFireBase", "BLLFireBase\BLLFireBase.csproj", "{A6993D35-F727-4B85-9016-1F29352949FE}"
EndProject
Project("{FAE04EC0-301F-11D3-BF4B-00C04F79EFBC}") = "Dijkstra", "Dijkstra\Dijkstra.csproj", "{4CA0DF87-45E0-433B-81D8-230042702476}"
EndProject
Global
	GlobalSection(SolutionConfigurationPlatforms) = preSolution
		Debug|Any CPU = Debug|Any CPU
		Release|Any CPU = Release|Any CPU
	EndGlobalSection
	GlobalSection(ProjectConfigurationPlatforms) = postSolution
		{B4E8763B-F3CD-42F7-B236-F6A5151D9FCA}.Debug|Any CPU.ActiveCfg = Debug|Any CPU
		{B4E8763B-F3CD-42F7-B236-F6A5151D9FCA}.Debug|Any CPU.Build.0 = Debug|Any CPU
		{B4E8763B-F3CD-42F7-B236-F6A5151D9FCA}.Release|Any CPU.ActiveCfg = Release|Any CPU
		{B4E8763B-F3CD-42F7-B236-F6A5151D9FCA}.Release|Any CPU.Build.0 = Release|Any CPU
		{0C9F8044-76B8-45AC-B66F-9276604951D2}.Debug|Any CPU.ActiveCfg = Debug|Any CPU
		{0C9F8044-76B8-45AC-B66F-9276604951D2}.Debug|Any CPU.Build.0 = Debug|Any CPU
		{0C9F8044-76B8-45AC-B66F-9276604951D2}.Release|Any CPU.ActiveCfg = Release|Any CPU
		{0C9F8044-76B8-45AC-B66F-9276604951D2}.Release|Any CPU.Build.0 = Release|Any CPU
		{9BC04F28-5F70-4C44-A546-1F9405A58F33}.Debug|Any CPU.ActiveCfg = Debug|Any CPU
		{9BC04F28-5F70-4C44-A546-1F9405A58F33}.Debug|Any CPU.Build.0 = Debug|Any CPU
		{9BC04F28-5F70-4C44-A546-1F9405A58F33}.Release|Any CPU.ActiveCfg = Release|Any CPU
		{9BC04F28-5F70-4C44-A546-1F9405A58F33}.Release|Any CPU.Build.0 = Release|Any CPU
		{530FAC3B-C6BE-405E-A621-1F05A0283F6A}.Debug|Any CPU.ActiveCfg = Debug|Any CPU
		{530FAC3B-C6BE-405E-A621-1F05A0283F6A}.Debug|Any CPU.Build.0 = Debug|Any CPU
		{530FAC3B-C6BE-405E-A621-1F05A0283F6A}.Release|Any CPU.ActiveCfg = Release|Any CPU
		{530FAC3B-C6BE-405E-A621-1F05A0283F6A}.Release|Any CPU.Build.0 = Release|Any CPU
		{31FC06DD-DF1C-4D5C-B034-8DD7FD050317}.Debug|Any CPU.ActiveCfg = Debug|Any CPU
		{31FC06DD-DF1C-4D5C-B034-8DD7FD050317}.Debug|Any CPU.Build.0 = Debug|Any CPU
		{31FC06DD-DF1C-4D5C-B034-8DD7FD050317}.Release|Any CPU.ActiveCfg = Release|Any CPU
		{31FC06DD-DF1C-4D5C-B034-8DD7FD050317}.Release|Any CPU.Build.0 = Release|Any CPU
		{5CAA5842-0FB2-481E-9B3E-3946BC560923}.Debug|Any CPU.ActiveCfg = Debug|Any CPU
		{5CAA5842-0FB2-481E-9B3E-3946BC560923}.Debug|Any CPU.Build.0 = Debug|Any CPU
		{5CAA5842-0FB2-481E-9B3E-3946BC560923}.Release|Any CPU.ActiveCfg = Release|Any CPU
		{5CAA5842-0FB2-481E-9B3E-3946BC560923}.Release|Any CPU.Build.0 = Release|Any CPU
		{45BB77C2-6CB2-4BD5-A8C5-0DEB40A7292A}.Debug|Any CPU.ActiveCfg = Debug|Any CPU
		{45BB77C2-6CB2-4BD5-A8C5-0DEB40A7292A}.Debug|Any CPU.Build.0 = Debug|Any CPU
		{45BB77C2-6CB2-4BD5-A8C5-0DEB40A7292A}.Release|Any CPU.ActiveCfg = Release|Any CPU
		{45BB77C2-6CB2-4BD5-A8C5-0DEB40A7292A}.Release|Any CPU.Build.0 = Release|Any CPU
		{7060E6CD-FB69-466A-BF30-59D3845E8D59}.Debug|Any CPU.ActiveCfg = Debug|Any CPU
		{7060E6CD-FB69-466A-BF30-59D3845E8D59}.Debug|Any CPU.Build.0 = Debug|Any CPU
		{7060E6CD-FB69-466A-BF30-59D3845E8D59}.Release|Any CPU.ActiveCfg = Release|Any CPU
		{7060E6CD-FB69-466A-BF30-59D3845E8D59}.Release|Any CPU.Build.0 = Release|Any CPU
		{A6993D35-F727-4B85-9016-1F29352949FE}.Debug|Any CPU.ActiveCfg = Debug|Any CPU
		{A6993D35-F727-4B85-9016-1F29352949FE}.Debug|Any CPU.Build.0 = Debug|Any CPU
		{A6993D35-F727-4B85-9016-1F29352949FE}.Release|Any CPU.ActiveCfg = Release|Any CPU
		{A6993D35-F727-4B85-9016-1F29352949FE}.Release|Any CPU.Build.0 = Release|Any CPU
		{4CA0DF87-45E0-433B-81D8-230042702476}.Debug|Any CPU.ActiveCfg = Debug|Any CPU
		{4CA0DF87-45E0-433B-81D8-230042702476}.Debug|Any CPU.Build.0 = Debug|Any CPU
		{4CA0DF87-45E0-433B-81D8-230042702476}.Release|Any CPU.ActiveCfg = Release|Any CPU
		{4CA0DF87-45E0-433B-81D8-230042702476}.Release|Any CPU.Build.0 = Release|Any CPU
	EndGlobalSection
	GlobalSection(SolutionProperties) = preSolution
		HideSolutionNode = FALSE
	EndGlobalSection
EndGlobal
